
Microsoft Visual Studio Solution File, Format Version 12.00
# Visual Studio Version 17
VisualStudioVersion = 17.14.36717.8
MinimumVisualStudioVersion = 10.0.40219.1
Project("{FAE04EC0-301F-11D3-BF4B-00C04F79EFBC}") = "Brdbit.Blazor.PWA.Hosted.Web.Client", "Brdbit.Blazor.PWA.Hosted.Web.Client\Brdbit.Blazor.PWA.Hosted.Web.Client.csproj", "{BC512D0A-B1D9-49E2-B674-E373972FF947}"
EndProject
Project("{FAE04EC0-301F-11D3-BF4B-00C04F79EFBC}") = "Brdbit.Blazor.PWA.Hosted.Bff", "Brdbit.Blazor.PWA.Hosted.Bff\Brdbit.Blazor.PWA.Hosted.Bff.csproj", "{A0662477-DBB0-44B4-BBA6-D61FF5EB6A31}"
EndProject
Project("{FAE04EC0-301F-11D3-BF4B-00C04F79EFBC}") = "Brdbit.Blazor.PWA.Hosted.Shared", "Brdbit.Blazor.PWA.Hosted.Shared\Brdbit.Blazor.PWA.Hosted.Shared.csproj", "{4C7F7C74-52FE-45CB-9B0D-6E8DB89B5B11}"
EndProject
Project("{FAE04EC0-301F-11D3-BF4B-00C04F79EFBC}") = "Brdbit.Blazor.PWA.Hosted.Template", "Brdbit.Blazor.PWA.Hosted.Template\Brdbit.Blazor.PWA.Hosted.Template.csproj", "{818DBA9B-D948-410C-9554-8119562DD6E0}"
EndProject
Global
	GlobalSection(SolutionConfigurationPlatforms) = preSolution
		Debug|Any CPU = Debug|Any CPU
		Release|Any CPU = Release|Any CPU
	EndGlobalSection
	GlobalSection(ProjectConfigurationPlatforms) = postSolution
		{BC512D0A-B1D9-49E2-B674-E373972FF947}.Debug|Any CPU.ActiveCfg = Debug|Any CPU
		{BC512D0A-B1D9-49E2-B674-E373972FF947}.Debug|Any CPU.Build.0 = Debug|Any CPU
		{BC512D0A-B1D9-49E2-B674-E373972FF947}.Release|Any CPU.ActiveCfg = Release|Any CPU
		{BC512D0A-B1D9-49E2-B674-E373972FF947}.Release|Any CPU.Build.0 = Release|Any CPU
		{A0662477-DBB0-44B4-BBA6-D61FF5EB6A31}.Debug|Any CPU.ActiveCfg = Debug|Any CPU
		{A0662477-DBB0-44B4-BBA6-D61FF5EB6A31}.Debug|Any CPU.Build.0 = Debug|Any CPU
		{A0662477-DBB0-44B4-BBA6-D61FF5EB6A31}.Release|Any CPU.ActiveCfg = Release|Any CPU
		{A0662477-DBB0-44B4-BBA6-D61FF5EB6A31}.Release|Any CPU.Build.0 = Release|Any CPU
		{4C7F7C74-52FE-45CB-9B0D-6E8DB89B5B11}.Debug|Any CPU.ActiveCfg = Debug|Any CPU
		{4C7F7C74-52FE-45CB-9B0D-6E8DB89B5B11}.Debug|Any CPU.Build.0 = Debug|Any CPU
		{4C7F7C74-52FE-45CB-9B0D-6E8DB89B5B11}.Release|Any CPU.ActiveCfg = Release|Any CPU
		{4C7F7C74-52FE-45CB-9B0D-6E8DB89B5B11}.Release|Any CPU.Build.0 = Release|Any CPU
		{818DBA9B-D948-410C-9554-8119562DD6E0}.Debug|Any CPU.ActiveCfg = Debug|Any CPU
		{818DBA9B-D948-410C-9554-8119562DD6E0}.Debug|Any CPU.Build.0 = Debug|Any CPU
		{818DBA9B-D948-410C-9554-8119562DD6E0}.Release|Any CPU.ActiveCfg = Release|Any CPU
		{818DBA9B-D948-410C-9554-8119562DD6E0}.Release|Any CPU.Build.0 = Release|Any CPU
	EndGlobalSection
	GlobalSection(SolutionProperties) = preSolution
		HideSolutionNode = FALSE
	EndGlobalSection
	GlobalSection(ExtensibilityGlobals) = postSolution
		SolutionGuid = {586A5DB0-4694-45C8-82F6-49AE933C9736}
	EndGlobalSection
EndGlobal
